// !$*UTF8*$!
{
	archiveVersion = 1;
	classes = {
	};
	objectVersion = 46;
	objects = {

/* Begin PBXBuildFile section */
		69F910121D543192003F793C /* AppDelegate.swift in Sources */ = {isa = PBXBuildFile; fileRef = 69F910111D543192003F793C /* AppDelegate.swift */; };
		69F910141D543192003F793C /* GameScene.sks in Resources */ = {isa = PBXBuildFile; fileRef = 69F910131D543192003F793C /* GameScene.sks */; };
		69F910161D543192003F793C /* GameScene.swift in Sources */ = {isa = PBXBuildFile; fileRef = 69F910151D543192003F793C /* GameScene.swift */; };
		69F910181D543192003F793C /* GameViewController.swift in Sources */ = {isa = PBXBuildFile; fileRef = 69F910171D543192003F793C /* GameViewController.swift */; };
		69F9101B1D543192003F793C /* Main.storyboard in Resources */ = {isa = PBXBuildFile; fileRef = 69F910191D543192003F793C /* Main.storyboard */; };
		69F9101D1D543192003F793C /* Assets.xcassets in Resources */ = {isa = PBXBuildFile; fileRef = 69F9101C1D543192003F793C /* Assets.xcassets */; };
		69F910201D543192003F793C /* LaunchScreen.storyboard in Resources */ = {isa = PBXBuildFile; fileRef = 69F9101E1D543192003F793C /* LaunchScreen.storyboard */; };
		69F9102B1D543193003F793C /* SushiNekoTests.swift in Sources */ = {isa = PBXBuildFile; fileRef = 69F9102A1D543193003F793C /* SushiNekoTests.swift */; };
		69F910361D543193003F793C /* SushiNekoUITests.swift in Sources */ = {isa = PBXBuildFile; fileRef = 69F910351D543193003F793C /* SushiNekoUITests.swift */; };
		69F910451D5442F0003F793C /* sfx_swipe.caf in Resources */ = {isa = PBXBuildFile; fileRef = 69F910441D5442F0003F793C /* sfx_swipe.caf */; };
		69F910561D5454D5003F793C /* MSButtonNode.swift in Sources */ = {isa = PBXBuildFile; fileRef = 69F910471D5454D5003F793C /* MSButtonNode.swift */; };
		69F910571D5454D5003F793C /* MSReferenceNode.swift in Sources */ = {isa = PBXBuildFile; fileRef = 69F910481D5454D5003F793C /* MSReferenceNode.swift */; };
		69F910581D5454D5003F793C /* CGFloat+Extensions.swift in Sources */ = {isa = PBXBuildFile; fileRef = 69F9104A1D5454D5003F793C /* CGFloat+Extensions.swift */; };
		69F910591D5454D5003F793C /* CGPoint+Extensions.swift in Sources */ = {isa = PBXBuildFile; fileRef = 69F9104B1D5454D5003F793C /* CGPoint+Extensions.swift */; };
		69F9105A1D5454D5003F793C /* CGVector+Extensions.swift in Sources */ = {isa = PBXBuildFile; fileRef = 69F9104C1D5454D5003F793C /* CGVector+Extensions.swift */; };
		69F9105B1D5454D5003F793C /* Int+Extensions.swift in Sources */ = {isa = PBXBuildFile; fileRef = 69F9104D1D5454D5003F793C /* Int+Extensions.swift */; };
		69F9105C1D5454D5003F793C /* SKAction+Extensions.swift in Sources */ = {isa = PBXBuildFile; fileRef = 69F9104E1D5454D5003F793C /* SKAction+Extensions.swift */; };
		69F9105D1D5454D5003F793C /* SKAction+SpecialEffects.swift in Sources */ = {isa = PBXBuildFile; fileRef = 69F9104F1D5454D5003F793C /* SKAction+SpecialEffects.swift */; };
		69F9105E1D5454D5003F793C /* SKColor+Extensions.swift in Sources */ = {isa = PBXBuildFile; fileRef = 69F910501D5454D5003F793C /* SKColor+Extensions.swift */; };
		69F9105F1D5454D5003F793C /* SKNode+Extensions.swift in Sources */ = {isa = PBXBuildFile; fileRef = 69F910511D5454D5003F793C /* SKNode+Extensions.swift */; };
		69F910601D5454D5003F793C /* SKTAudio.swift in Sources */ = {isa = PBXBuildFile; fileRef = 69F910521D5454D5003F793C /* SKTAudio.swift */; };
		69F910611D5454D5003F793C /* SKTEffects.swift in Sources */ = {isa = PBXBuildFile; fileRef = 69F910531D5454D5003F793C /* SKTEffects.swift */; };
		69F910621D5454D5003F793C /* SKTTimingFunctions.swift in Sources */ = {isa = PBXBuildFile; fileRef = 69F910541D5454D5003F793C /* SKTTimingFunctions.swift */; };
		69F910631D5454D5003F793C /* Vector3.swift in Sources */ = {isa = PBXBuildFile; fileRef = 69F910551D5454D5003F793C /* Vector3.swift */; };
		69F910651D545B24003F793C /* SushiPiece.swift in Sources */ = {isa = PBXBuildFile; fileRef = 69F910641D545B24003F793C /* SushiPiece.swift */; };
		69F910671D546572003F793C /* Character.swift in Sources */ = {isa = PBXBuildFile; fileRef = 69F910661D546572003F793C /* Character.swift */; };
/* End PBXBuildFile section */

/* Begin PBXContainerItemProxy section */
		69F910271D543193003F793C /* PBXContainerItemProxy */ = {
			isa = PBXContainerItemProxy;
			containerPortal = 69F910061D543192003F793C /* Project object */;
			proxyType = 1;
			remoteGlobalIDString = 69F9100D1D543192003F793C;
			remoteInfo = SushiNeko;
		};
		69F910321D543193003F793C /* PBXContainerItemProxy */ = {
			isa = PBXContainerItemProxy;
			containerPortal = 69F910061D543192003F793C /* Project object */;
			proxyType = 1;
			remoteGlobalIDString = 69F9100D1D543192003F793C;
			remoteInfo = SushiNeko;
		};
/* End PBXContainerItemProxy section */

/* Begin PBXFileReference section */
		69F9100E1D543192003F793C /* SushiNeko.app */ = {isa = PBXFileReference; explicitFileType = wrapper.application; includeInIndex = 0; path = SushiNeko.app; sourceTree = BUILT_PRODUCTS_DIR; };
		69F910111D543192003F793C /* AppDelegate.swift */ = {isa = PBXFileReference; lastKnownFileType = sourcecode.swift; path = AppDelegate.swift; sourceTree = "<group>"; };
		69F910131D543192003F793C /* GameScene.sks */ = {isa = PBXFileReference; lastKnownFileType = file.sks; path = GameScene.sks; sourceTree = "<group>"; };
		69F910151D543192003F793C /* GameScene.swift */ = {isa = PBXFileReference; lastKnownFileType = sourcecode.swift; path = GameScene.swift; sourceTree = "<group>"; };
		69F910171D543192003F793C /* GameViewController.swift */ = {isa = PBXFileReference; lastKnownFileType = sourcecode.swift; path = GameViewController.swift; sourceTree = "<group>"; };
		69F9101A1D543192003F793C /* Base */ = {isa = PBXFileReference; lastKnownFileType = file.storyboard; name = Base; path = Base.lproj/Main.storyboard; sourceTree = "<group>"; };
		69F9101C1D543192003F793C /* Assets.xcassets */ = {isa = PBXFileReference; lastKnownFileType = folder.assetcatalog; path = Assets.xcassets; sourceTree = "<group>"; };
		69F9101F1D543192003F793C /* Base */ = {isa = PBXFileReference; lastKnownFileType = file.storyboard; name = Base; path = Base.lproj/LaunchScreen.storyboard; sourceTree = "<group>"; };
		69F910211D543192003F793C /* Info.plist */ = {isa = PBXFileReference; lastKnownFileType = text.plist.xml; path = Info.plist; sourceTree = "<group>"; };
		69F910261D543193003F793C /* SushiNekoTests.xctest */ = {isa = PBXFileReference; explicitFileType = wrapper.cfbundle; includeInIndex = 0; path = SushiNekoTests.xctest; sourceTree = BUILT_PRODUCTS_DIR; };
		69F9102A1D543193003F793C /* SushiNekoTests.swift */ = {isa = PBXFileReference; lastKnownFileType = sourcecode.swift; path = SushiNekoTests.swift; sourceTree = "<group>"; };
		69F9102C1D543193003F793C /* Info.plist */ = {isa = PBXFileReference; lastKnownFileType = text.plist.xml; path = Info.plist; sourceTree = "<group>"; };
		69F910311D543193003F793C /* SushiNekoUITests.xctest */ = {isa = PBXFileReference; explicitFileType = wrapper.cfbundle; includeInIndex = 0; path = SushiNekoUITests.xctest; sourceTree = BUILT_PRODUCTS_DIR; };
		69F910351D543193003F793C /* SushiNekoUITests.swift */ = {isa = PBXFileReference; lastKnownFileType = sourcecode.swift; path = SushiNekoUITests.swift; sourceTree = "<group>"; };
		69F910371D543193003F793C /* Info.plist */ = {isa = PBXFileReference; lastKnownFileType = text.plist.xml; path = Info.plist; sourceTree = "<group>"; };
		69F910441D5442F0003F793C /* sfx_swipe.caf */ = {isa = PBXFileReference; lastKnownFileType = file; path = sfx_swipe.caf; sourceTree = "<group>"; };
		69F910471D5454D5003F793C /* MSButtonNode.swift */ = {isa = PBXFileReference; fileEncoding = 4; lastKnownFileType = sourcecode.swift; path = MSButtonNode.swift; sourceTree = "<group>"; };
		69F910481D5454D5003F793C /* MSReferenceNode.swift */ = {isa = PBXFileReference; fileEncoding = 4; lastKnownFileType = sourcecode.swift; path = MSReferenceNode.swift; sourceTree = "<group>"; };
		69F9104A1D5454D5003F793C /* CGFloat+Extensions.swift */ = {isa = PBXFileReference; fileEncoding = 4; lastKnownFileType = sourcecode.swift; path = "CGFloat+Extensions.swift"; sourceTree = "<group>"; };
		69F9104B1D5454D5003F793C /* CGPoint+Extensions.swift */ = {isa = PBXFileReference; fileEncoding = 4; lastKnownFileType = sourcecode.swift; path = "CGPoint+Extensions.swift"; sourceTree = "<group>"; };
		69F9104C1D5454D5003F793C /* CGVector+Extensions.swift */ = {isa = PBXFileReference; fileEncoding = 4; lastKnownFileType = sourcecode.swift; path = "CGVector+Extensions.swift"; sourceTree = "<group>"; };
		69F9104D1D5454D5003F793C /* Int+Extensions.swift */ = {isa = PBXFileReference; fileEncoding = 4; lastKnownFileType = sourcecode.swift; path = "Int+Extensions.swift"; sourceTree = "<group>"; };
		69F9104E1D5454D5003F793C /* SKAction+Extensions.swift */ = {isa = PBXFileReference; fileEncoding = 4; lastKnownFileType = sourcecode.swift; path = "SKAction+Extensions.swift"; sourceTree = "<group>"; };
		69F9104F1D5454D5003F793C /* SKAction+SpecialEffects.swift */ = {isa = PBXFileReference; fileEncoding = 4; lastKnownFileType = sourcecode.swift; path = "SKAction+SpecialEffects.swift"; sourceTree = "<group>"; };
		69F910501D5454D5003F793C /* SKColor+Extensions.swift */ = {isa = PBXFileReference; fileEncoding = 4; lastKnownFileType = sourcecode.swift; path = "SKColor+Extensions.swift"; sourceTree = "<group>"; };
		69F910511D5454D5003F793C /* SKNode+Extensions.swift */ = {isa = PBXFileReference; fileEncoding = 4; lastKnownFileType = sourcecode.swift; path = "SKNode+Extensions.swift"; sourceTree = "<group>"; };
		69F910521D5454D5003F793C /* SKTAudio.swift */ = {isa = PBXFileReference; fileEncoding = 4; lastKnownFileType = sourcecode.swift; path = SKTAudio.swift; sourceTree = "<group>"; };
		69F910531D5454D5003F793C /* SKTEffects.swift */ = {isa = PBXFileReference; fileEncoding = 4; lastKnownFileType = sourcecode.swift; path = SKTEffects.swift; sourceTree = "<group>"; };
		69F910541D5454D5003F793C /* SKTTimingFunctions.swift */ = {isa = PBXFileReference; fileEncoding = 4; lastKnownFileType = sourcecode.swift; path = SKTTimingFunctions.swift; sourceTree = "<group>"; };
		69F910551D5454D5003F793C /* Vector3.swift */ = {isa = PBXFileReference; fileEncoding = 4; lastKnownFileType = sourcecode.swift; path = Vector3.swift; sourceTree = "<group>"; };
		69F910641D545B24003F793C /* SushiPiece.swift */ = {isa = PBXFileReference; fileEncoding = 4; lastKnownFileType = sourcecode.swift; path = SushiPiece.swift; sourceTree = "<group>"; };
		69F910661D546572003F793C /* Character.swift */ = {isa = PBXFileReference; fileEncoding = 4; lastKnownFileType = sourcecode.swift; path = Character.swift; sourceTree = "<group>"; };
/* End PBXFileReference section */

/* Begin PBXFrameworksBuildPhase section */
		69F9100B1D543192003F793C /* Frameworks */ = {
			isa = PBXFrameworksBuildPhase;
			buildActionMask = 2147483647;
			files = (
			);
			runOnlyForDeploymentPostprocessing = 0;
		};
		69F910231D543193003F793C /* Frameworks */ = {
			isa = PBXFrameworksBuildPhase;
			buildActionMask = 2147483647;
			files = (
			);
			runOnlyForDeploymentPostprocessing = 0;
		};
		69F9102E1D543193003F793C /* Frameworks */ = {
			isa = PBXFrameworksBuildPhase;
			buildActionMask = 2147483647;
			files = (
			);
			runOnlyForDeploymentPostprocessing = 0;
		};
/* End PBXFrameworksBuildPhase section */

/* Begin PBXGroup section */
		69F910051D543192003F793C = {
			isa = PBXGroup;
			children = (
				69F910101D543192003F793C /* SushiNeko */,
				69F910291D543193003F793C /* SushiNekoTests */,
				69F910341D543193003F793C /* SushiNekoUITests */,
				69F9100F1D543192003F793C /* Products */,
			);
			sourceTree = "<group>";
		};
		69F9100F1D543192003F793C /* Products */ = {
			isa = PBXGroup;
			children = (
				69F9100E1D543192003F793C /* SushiNeko.app */,
				69F910261D543193003F793C /* SushiNekoTests.xctest */,
				69F910311D543193003F793C /* SushiNekoUITests.xctest */,
			);
			name = Products;
			sourceTree = "<group>";
		};
		69F910101D543192003F793C /* SushiNeko */ = {
			isa = PBXGroup;
			children = (
				69F910461D5454D5003F793C /* Utils */,
				69F910111D543192003F793C /* AppDelegate.swift */,
				69F910131D543192003F793C /* GameScene.sks */,
				69F910661D546572003F793C /* Character.swift */,
				69F910151D543192003F793C /* GameScene.swift */,
				69F910641D545B24003F793C /* SushiPiece.swift */,
				69F910171D543192003F793C /* GameViewController.swift */,
				69F910191D543192003F793C /* Main.storyboard */,
				69F9101C1D543192003F793C /* Assets.xcassets */,
				69F9101E1D543192003F793C /* LaunchScreen.storyboard */,
				69F910211D543192003F793C /* Info.plist */,
				69F910431D5442F0003F793C /* SFX */,
			);
			path = SushiNeko;
			sourceTree = "<group>";
		};
		69F910291D543193003F793C /* SushiNekoTests */ = {
			isa = PBXGroup;
			children = (
				69F9102A1D543193003F793C /* SushiNekoTests.swift */,
				69F9102C1D543193003F793C /* Info.plist */,
			);
			path = SushiNekoTests;
			sourceTree = "<group>";
		};
		69F910341D543193003F793C /* SushiNekoUITests */ = {
			isa = PBXGroup;
			children = (
				69F910351D543193003F793C /* SushiNekoUITests.swift */,
				69F910371D543193003F793C /* Info.plist */,
			);
			path = SushiNekoUITests;
			sourceTree = "<group>";
		};
		69F910431D5442F0003F793C /* SFX */ = {
			isa = PBXGroup;
			children = (
				69F910441D5442F0003F793C /* sfx_swipe.caf */,
			);
			name = SFX;
			path = "SFX-2";
			sourceTree = "<group>";
		};
		69F910461D5454D5003F793C /* Utils */ = {
			isa = PBXGroup;
			children = (
				69F910471D5454D5003F793C /* MSButtonNode.swift */,
				69F910481D5454D5003F793C /* MSReferenceNode.swift */,
				69F910491D5454D5003F793C /* SKTUtils */,
			);
			path = Utils;
			sourceTree = "<group>";
		};
		69F910491D5454D5003F793C /* SKTUtils */ = {
			isa = PBXGroup;
			children = (
				69F9104A1D5454D5003F793C /* CGFloat+Extensions.swift */,
				69F9104B1D5454D5003F793C /* CGPoint+Extensions.swift */,
				69F9104C1D5454D5003F793C /* CGVector+Extensions.swift */,
				69F9104D1D5454D5003F793C /* Int+Extensions.swift */,
				69F9104E1D5454D5003F793C /* SKAction+Extensions.swift */,
				69F9104F1D5454D5003F793C /* SKAction+SpecialEffects.swift */,
				69F910501D5454D5003F793C /* SKColor+Extensions.swift */,
				69F910511D5454D5003F793C /* SKNode+Extensions.swift */,
				69F910521D5454D5003F793C /* SKTAudio.swift */,
				69F910531D5454D5003F793C /* SKTEffects.swift */,
				69F910541D5454D5003F793C /* SKTTimingFunctions.swift */,
				69F910551D5454D5003F793C /* Vector3.swift */,
			);
			path = SKTUtils;
			sourceTree = "<group>";
		};
/* End PBXGroup section */

/* Begin PBXNativeTarget section */
		69F9100D1D543192003F793C /* SushiNeko */ = {
			isa = PBXNativeTarget;
			buildConfigurationList = 69F9103A1D543193003F793C /* Build configuration list for PBXNativeTarget "SushiNeko" */;
			buildPhases = (
				69F9100A1D543192003F793C /* Sources */,
				69F9100B1D543192003F793C /* Frameworks */,
				69F9100C1D543192003F793C /* Resources */,
			);
			buildRules = (
			);
			dependencies = (
			);
			name = SushiNeko;
			productName = SushiNeko;
			productReference = 69F9100E1D543192003F793C /* SushiNeko.app */;
			productType = "com.apple.product-type.application";
		};
		69F910251D543193003F793C /* SushiNekoTests */ = {
			isa = PBXNativeTarget;
			buildConfigurationList = 69F9103D1D543193003F793C /* Build configuration list for PBXNativeTarget "SushiNekoTests" */;
			buildPhases = (
				69F910221D543193003F793C /* Sources */,
				69F910231D543193003F793C /* Frameworks */,
				69F910241D543193003F793C /* Resources */,
			);
			buildRules = (
			);
			dependencies = (
				69F910281D543193003F793C /* PBXTargetDependency */,
			);
			name = SushiNekoTests;
			productName = SushiNekoTests;
			productReference = 69F910261D543193003F793C /* SushiNekoTests.xctest */;
			productType = "com.apple.product-type.bundle.unit-test";
		};
		69F910301D543193003F793C /* SushiNekoUITests */ = {
			isa = PBXNativeTarget;
			buildConfigurationList = 69F910401D543193003F793C /* Build configuration list for PBXNativeTarget "SushiNekoUITests" */;
			buildPhases = (
				69F9102D1D543193003F793C /* Sources */,
				69F9102E1D543193003F793C /* Frameworks */,
				69F9102F1D543193003F793C /* Resources */,
			);
			buildRules = (
			);
			dependencies = (
				69F910331D543193003F793C /* PBXTargetDependency */,
			);
			name = SushiNekoUITests;
			productName = SushiNekoUITests;
			productReference = 69F910311D543193003F793C /* SushiNekoUITests.xctest */;
			productType = "com.apple.product-type.bundle.ui-testing";
		};
/* End PBXNativeTarget section */

/* Begin PBXProject section */
		69F910061D543192003F793C /* Project object */ = {
			isa = PBXProject;
			attributes = {
				LastSwiftUpdateCheck = 0730;
				LastUpgradeCheck = 0730;
				ORGANIZATIONNAME = Jay;
				TargetAttributes = {
					69F9100D1D543192003F793C = {
						CreatedOnToolsVersion = 7.3.1;
					};
					69F910251D543193003F793C = {
						CreatedOnToolsVersion = 7.3.1;
						TestTargetID = 69F9100D1D543192003F793C;
					};
					69F910301D543193003F793C = {
						CreatedOnToolsVersion = 7.3.1;
						TestTargetID = 69F9100D1D543192003F793C;
					};
				};
			};
			buildConfigurationList = 69F910091D543192003F793C /* Build configuration list for PBXProject "SushiNeko" */;
			compatibilityVersion = "Xcode 3.2";
			developmentRegion = English;
			hasScannedForEncodings = 0;
			knownRegions = (
				en,
				Base,
			);
			mainGroup = 69F910051D543192003F793C;
			productRefGroup = 69F9100F1D543192003F793C /* Products */;
			projectDirPath = "";
			projectRoot = "";
			targets = (
				69F9100D1D543192003F793C /* SushiNeko */,
				69F910251D543193003F793C /* SushiNekoTests */,
				69F910301D543193003F793C /* SushiNekoUITests */,
			);
		};
/* End PBXProject section */

/* Begin PBXResourcesBuildPhase section */
		69F9100C1D543192003F793C /* Resources */ = {
			isa = PBXResourcesBuildPhase;
			buildActionMask = 2147483647;
			files = (
				69F910451D5442F0003F793C /* sfx_swipe.caf in Resources */,
				69F910141D543192003F793C /* GameScene.sks in Resources */,
				69F910201D543192003F793C /* LaunchScreen.storyboard in Resources */,
				69F9101D1D543192003F793C /* Assets.xcassets in Resources */,
				69F9101B1D543192003F793C /* Main.storyboard in Resources */,
			);
			runOnlyForDeploymentPostprocessing = 0;
		};
		69F910241D543193003F793C /* Resources */ = {
			isa = PBXResourcesBuildPhase;
			buildActionMask = 2147483647;
			files = (
			);
			runOnlyForDeploymentPostprocessing = 0;
		};
		69F9102F1D543193003F793C /* Resources */ = {
			isa = PBXResourcesBuildPhase;
			buildActionMask = 2147483647;
			files = (
			);
			runOnlyForDeploymentPostprocessing = 0;
		};
/* End PBXResourcesBuildPhase section */

/* Begin PBXSourcesBuildPhase section */
		69F9100A1D543192003F793C /* Sources */ = {
			isa = PBXSourcesBuildPhase;
			buildActionMask = 2147483647;
			files = (
				69F910591D5454D5003F793C /* CGPoint+Extensions.swift in Sources */,
				69F910611D5454D5003F793C /* SKTEffects.swift in Sources */,
				69F9105C1D5454D5003F793C /* SKAction+Extensions.swift in Sources */,
				69F910161D543192003F793C /* GameScene.swift in Sources */,
				69F9105F1D5454D5003F793C /* SKNode+Extensions.swift in Sources */,
				69F910181D543192003F793C /* GameViewController.swift in Sources */,
				69F910621D5454D5003F793C /* SKTTimingFunctions.swift in Sources */,
				69F9105D1D5454D5003F793C /* SKAction+SpecialEffects.swift in Sources */,
				69F9105B1D5454D5003F793C /* Int+Extensions.swift in Sources */,
				69F910631D5454D5003F793C /* Vector3.swift in Sources */,
				69F910121D543192003F793C /* AppDelegate.swift in Sources */,
				69F9105E1D5454D5003F793C /* SKColor+Extensions.swift in Sources */,
				69F9105A1D5454D5003F793C /* CGVector+Extensions.swift in Sources */,
				69F910571D5454D5003F793C /* MSReferenceNode.swift in Sources */,
				69F910601D5454D5003F793C /* SKTAudio.swift in Sources */,
				69F910651D545B24003F793C /* SushiPiece.swift in Sources */,
				69F910581D5454D5003F793C /* CGFloat+Extensions.swift in Sources */,
				69F910561D5454D5003F793C /* MSButtonNode.swift in Sources */,
				69F910671D546572003F793C /* Character.swift in Sources */,
			);
			runOnlyForDeploymentPostprocessing = 0;
		};
		69F910221D543193003F793C /* Sources */ = {
			isa = PBXSourcesBuildPhase;
			buildActionMask = 2147483647;
			files = (
				69F9102B1D543193003F793C /* SushiNekoTests.swift in Sources */,
			);
			runOnlyForDeploymentPostprocessing = 0;
		};
		69F9102D1D543193003F793C /* Sources */ = {
			isa = PBXSourcesBuildPhase;
			buildActionMask = 2147483647;
			files = (
				69F910361D543193003F793C /* SushiNekoUITests.swift in Sources */,
			);
			runOnlyForDeploymentPostprocessing = 0;
		};
/* End PBXSourcesBuildPhase section */

/* Begin PBXTargetDependency section */
		69F910281D543193003F793C /* PBXTargetDependency */ = {
			isa = PBXTargetDependency;
			target = 69F9100D1D543192003F793C /* SushiNeko */;
			targetProxy = 69F910271D543193003F793C /* PBXContainerItemProxy */;
		};
		69F910331D543193003F793C /* PBXTargetDependency */ = {
			isa = PBXTargetDependency;
			target = 69F9100D1D543192003F793C /* SushiNeko */;
			targetProxy = 69F910321D543193003F793C /* PBXContainerItemProxy */;
		};
/* End PBXTargetDependency section */

/* Begin PBXVariantGroup section */
		69F910191D543192003F793C /* Main.storyboard */ = {
			isa = PBXVariantGroup;
			children = (
				69F9101A1D543192003F793C /* Base */,
			);
			name = Main.storyboard;
			sourceTree = "<group>";
		};
		69F9101E1D543192003F793C /* LaunchScreen.storyboard */ = {
			isa = PBXVariantGroup;
			children = (
				69F9101F1D543192003F793C /* Base */,
			);
			name = LaunchScreen.storyboard;
			sourceTree = "<group>";
		};
/* End PBXVariantGroup section */

/* Begin XCBuildConfiguration section */
		69F910381D543193003F793C /* Debug */ = {
			isa = XCBuildConfiguration;
			buildSettings = {
				ALWAYS_SEARCH_USER_PATHS = NO;
				CLANG_ANALYZER_NONNULL = YES;
				CLANG_CXX_LANGUAGE_STANDARD = "gnu++0x";
				CLANG_CXX_LIBRARY = "libc++";
				CLANG_ENABLE_MODULES = YES;
				CLANG_ENABLE_OBJC_ARC = YES;
				CLANG_WARN_BOOL_CONVERSION = YES;
				CLANG_WARN_CONSTANT_CONVERSION = YES;
				CLANG_WARN_DIRECT_OBJC_ISA_USAGE = YES_ERROR;
				CLANG_WARN_EMPTY_BODY = YES;
				CLANG_WARN_ENUM_CONVERSION = YES;
				CLANG_WARN_INT_CONVERSION = YES;
				CLANG_WARN_OBJC_ROOT_CLASS = YES_ERROR;
				CLANG_WARN_UNREACHABLE_CODE = YES;
				CLANG_WARN__DUPLICATE_METHOD_MATCH = YES;
				"CODE_SIGN_IDENTITY[sdk=iphoneos*]" = "iPhone Developer";
				COPY_PHASE_STRIP = NO;
				DEBUG_INFORMATION_FORMAT = "dwarf-with-dsym";
				ENABLE_STRICT_OBJC_MSGSEND = YES;
				ENABLE_TESTABILITY = YES;
				GCC_C_LANGUAGE_STANDARD = gnu99;
				GCC_DYNAMIC_NO_PIC = NO;
				GCC_NO_COMMON_BLOCKS = YES;
				GCC_OPTIMIZATION_LEVEL = 0;
				GCC_PREPROCESSOR_DEFINITIONS = (
					"DEBUG=1",
					"$(inherited)",
				);
				GCC_WARN_64_TO_32_BIT_CONVERSION = YES;
				GCC_WARN_ABOUT_RETURN_TYPE = YES_ERROR;
				GCC_WARN_UNDECLARED_SELECTOR = YES;
				GCC_WARN_UNINITIALIZED_AUTOS = YES_AGGRESSIVE;
				GCC_WARN_UNUSED_FUNCTION = YES;
				GCC_WARN_UNUSED_VARIABLE = YES;
				IPHONEOS_DEPLOYMENT_TARGET = 9.3;
				MTL_ENABLE_DEBUG_INFO = YES;
				ONLY_ACTIVE_ARCH = YES;
				SDKROOT = iphoneos;
				SWIFT_OPTIMIZATION_LEVEL = "-Onone";
			};
			name = Debug;
		};
		69F910391D543193003F793C /* Release */ = {
			isa = XCBuildConfiguration;
			buildSettings = {
				ALWAYS_SEARCH_USER_PATHS = NO;
				CLANG_ANALYZER_NONNULL = YES;
				CLANG_CXX_LANGUAGE_STANDARD = "gnu++0x";
				CLANG_CXX_LIBRARY = "libc++";
				CLANG_ENABLE_MODULES = YES;
				CLANG_ENABLE_OBJC_ARC = YES;
				CLANG_WARN_BOOL_CONVERSION = YES;
				CLANG_WARN_CONSTANT_CONVERSION = YES;
				CLANG_WARN_DIRECT_OBJC_ISA_USAGE = YES_ERROR;
				CLANG_WARN_EMPTY_BODY = YES;
				CLANG_WARN_ENUM_CONVERSION = YES;
				CLANG_WARN_INT_CONVERSION = YES;
				CLANG_WARN_OBJC_ROOT_CLASS = YES_ERROR;
				CLANG_WARN_UNREACHABLE_CODE = YES;
				CLANG_WARN__DUPLICATE_METHOD_MATCH = YES;
				"CODE_SIGN_IDENTITY[sdk=iphoneos*]" = "iPhone Developer";
				COPY_PHASE_STRIP = NO;
				DEBUG_INFORMATION_FORMAT = "dwarf-with-dsym";
				ENABLE_NS_ASSERTIONS = NO;
				ENABLE_STRICT_OBJC_MSGSEND = YES;
				GCC_C_LANGUAGE_STANDARD = gnu99;
				GCC_NO_COMMON_BLOCKS = YES;
				GCC_WARN_64_TO_32_BIT_CONVERSION = YES;
				GCC_WARN_ABOUT_RETURN_TYPE = YES_ERROR;
				GCC_WARN_UNDECLARED_SELECTOR = YES;
				GCC_WARN_UNINITIALIZED_AUTOS = YES_AGGRESSIVE;
				GCC_WARN_UNUSED_FUNCTION = YES;
				GCC_WARN_UNUSED_VARIABLE = YES;
				IPHONEOS_DEPLOYMENT_TARGET = 9.3;
				MTL_ENABLE_DEBUG_INFO = NO;
				SDKROOT = iphoneos;
				VALIDATE_PRODUCT = YES;
			};
			name = Release;
		};
		69F9103B1D543193003F793C /* Debug */ = {
			isa = XCBuildConfiguration;
			buildSettings = {
				ASSETCATALOG_COMPILER_APPICON_NAME = AppIcon;
				INFOPLIST_FILE = SushiNeko/Info.plist;
				LD_RUNPATH_SEARCH_PATHS = "$(inherited) @executable_path/Frameworks";
				PRODUCT_BUNDLE_IDENTIFIER = com.makeschool.SushiNeko;
				PRODUCT_NAME = "$(TARGET_NAME)";
			};
			name = Debug;
		};
		69F9103C1D543193003F793C /* Release */ = {
			isa = XCBuildConfiguration;
			buildSettings = {
				ASSETCATALOG_COMPILER_APPICON_NAME = AppIcon;
				INFOPLIST_FILE = SushiNeko/Info.plist;
				LD_RUNPATH_SEARCH_PATHS = "$(inherited) @executable_path/Frameworks";
				PRODUCT_BUNDLE_IDENTIFIER = com.makeschool.SushiNeko;
				PRODUCT_NAME = "$(TARGET_NAME)";
			};
			name = Release;
		};
		69F9103E1D543193003F793C /* Debug */ = {
			isa = XCBuildConfiguration;
			buildSettings = {
				BUNDLE_LOADER = "$(TEST_HOST)";
				DEBUG_INFORMATION_FORMAT = dwarf;
				INFOPLIST_FILE = SushiNekoTests/Info.plist;
				LD_RUNPATH_SEARCH_PATHS = "$(inherited) @executable_path/Frameworks @loader_path/Frameworks";
				PRODUCT_BUNDLE_IDENTIFIER = com.makeschool.SushiNekoTests;
				PRODUCT_NAME = "$(TARGET_NAME)";
				TEST_HOST = "$(BUILT_PRODUCTS_DIR)/SushiNeko.app/SushiNeko";
			};
			name = Debug;
		};
		69F9103F1D543193003F793C /* Release */ = {
			isa = XCBuildConfiguration;
			buildSettings = {
				BUNDLE_LOADER = "$(TEST_HOST)";
				INFOPLIST_FILE = SushiNekoTests/Info.plist;
				LD_RUNPATH_SEARCH_PATHS = "$(inherited) @executable_path/Frameworks @loader_path/Frameworks";
				PRODUCT_BUNDLE_IDENTIFIER = com.makeschool.SushiNekoTests;
				PRODUCT_NAME = "$(TARGET_NAME)";
				TEST_HOST = "$(BUILT_PRODUCTS_DIR)/SushiNeko.app/SushiNeko";
			};
			name = Release;
		};
		69F910411D543193003F793C /* Debug */ = {
			isa = XCBuildConfiguration;
			buildSettings = {
				DEBUG_INFORMATION_FORMAT = dwarf;
				INFOPLIST_FILE = SushiNekoUITests/Info.plist;
				LD_RUNPATH_SEARCH_PATHS = "$(inherited) @executable_path/Frameworks @loader_path/Frameworks";
				PRODUCT_BUNDLE_IDENTIFIER = com.makeschool.SushiNekoUITests;
				PRODUCT_NAME = "$(TARGET_NAME)";
				TEST_TARGET_NAME = SushiNeko;
			};
			name = Debug;
		};
		69F910421D543193003F793C /* Release */ = {
			isa = XCBuildConfiguration;
			buildSettings = {
				INFOPLIST_FILE = SushiNekoUITests/Info.plist;
				LD_RUNPATH_SEARCH_PATHS = "$(inherited) @executable_path/Frameworks @loader_path/Frameworks";
				PRODUCT_BUNDLE_IDENTIFIER = com.makeschool.SushiNekoUITests;
				PRODUCT_NAME = "$(TARGET_NAME)";
				TEST_TARGET_NAME = SushiNeko;
			};
			name = Release;
		};
/* End XCBuildConfiguration section */

/* Begin XCConfigurationList section */
		69F910091D543192003F793C /* Build configuration list for PBXProject "SushiNeko" */ = {
			isa = XCConfigurationList;
			buildConfigurations = (
				69F910381D543193003F793C /* Debug */,
				69F910391D543193003F793C /* Release */,
			);
			defaultConfigurationIsVisible = 0;
			defaultConfigurationName = Release;
		};
		69F9103A1D543193003F793C /* Build configuration list for PBXNativeTarget "SushiNeko" */ = {
			isa = XCConfigurationList;
			buildConfigurations = (
				69F9103B1D543193003F793C /* Debug */,
				69F9103C1D543193003F793C /* Release */,
			);
			defaultConfigurationIsVisible = 0;
		};
		69F9103D1D543193003F793C /* Build configuration list for PBXNativeTarget "SushiNekoTests" */ = {
			isa = XCConfigurationList;
			buildConfigurations = (
				69F9103E1D543193003F793C /* Debug */,
				69F9103F1D543193003F793C /* Release */,
			);
			defaultConfigurationIsVisible = 0;
		};
		69F910401D543193003F793C /* Build configuration list for PBXNativeTarget "SushiNekoUITests" */ = {
			isa = XCConfigurationList;
			buildConfigurations = (
				69F910411D543193003F793C /* Debug */,
				69F910421D543193003F793C /* Release */,
			);
			defaultConfigurationIsVisible = 0;
		};
/* End XCConfigurationList section */
	};
	rootObject = 69F910061D543192003F793C /* Project object */;
}
